
Microsoft Visual Studio Solution File, Format Version 12.00
# Visual Studio 15
VisualStudioVersion = 15.0.28307.645
MinimumVisualStudioVersion = 10.0.40219.1
Project("{FAE04EC0-301F-11D3-BF4B-00C04F79EFBC}") = "ProvisioningJob", "ProvisioningJob\ProvisioningJob.csproj", "{06C6395C-B286-4F55-B824-30446AE5173B}"
EndProject
Project("{FAE04EC0-301F-11D3-BF4B-00C04F79EFBC}") = "SignalRHub", "SignalRHub\SignalRHub.csproj", "{C2F57DAB-9C17-4311-9B96-9E444BB2A6F8}"
EndProject
Project("{FAE04EC0-301F-11D3-BF4B-00C04F79EFBC}") = "Common", "Common\Common.csproj", "{FDA177A9-D907-4A69-8B26-F3536673471A}"
EndProject
Global
	GlobalSection(SolutionConfigurationPlatforms) = preSolution
		Debug|Any CPU = Debug|Any CPU
		Release|Any CPU = Release|Any CPU
	EndGlobalSection
	GlobalSection(ProjectConfigurationPlatforms) = postSolution
		{06C6395C-B286-4F55-B824-30446AE5173B}.Debug|Any CPU.ActiveCfg = Debug|Any CPU
		{06C6395C-B286-4F55-B824-30446AE5173B}.Debug|Any CPU.Build.0 = Debug|Any CPU
		{06C6395C-B286-4F55-B824-30446AE5173B}.Release|Any CPU.ActiveCfg = Release|Any CPU
		{06C6395C-B286-4F55-B824-30446AE5173B}.Release|Any CPU.Build.0 = Release|Any CPU
		{C2F57DAB-9C17-4311-9B96-9E444BB2A6F8}.Debug|Any CPU.ActiveCfg = Debug|Any CPU
		{C2F57DAB-9C17-4311-9B96-9E444BB2A6F8}.Debug|Any CPU.Build.0 = Debug|Any CPU
		{C2F57DAB-9C17-4311-9B96-9E444BB2A6F8}.Release|Any CPU.ActiveCfg = Release|Any CPU
		{C2F57DAB-9C17-4311-9B96-9E444BB2A6F8}.Release|Any CPU.Build.0 = Release|Any CPU
		{FDA177A9-D907-4A69-8B26-F3536673471A}.Debug|Any CPU.ActiveCfg = Debug|Any CPU
		{FDA177A9-D907-4A69-8B26-F3536673471A}.Debug|Any CPU.Build.0 = Debug|Any CPU
		{FDA177A9-D907-4A69-8B26-F3536673471A}.Release|Any CPU.ActiveCfg = Release|Any CPU
		{FDA177A9-D907-4A69-8B26-F3536673471A}.Release|Any CPU.Build.0 = Release|Any CPU
	EndGlobalSection
	GlobalSection(SolutionProperties) = preSolution
		HideSolutionNode = FALSE
	EndGlobalSection
	GlobalSection(ExtensibilityGlobals) = postSolution
		SolutionGuid = {35E42AFA-822E-4065-96A1-9EAB7A6B5A5B}
	EndGlobalSection
EndGlobal
